<?xml version="1.0" encoding="UTF-8" standalone="yes" ?>
<CodeBlocks_project_file>
	<FileVersion major="1" minor="6" />
	<Project>
		<Option title="PruebasTecnicas" />
		<Option pch_mode="2" />
		<Option compiler="gcc" />
		<Build>
			<Target title="Debug">
				<Option output="bin/Debug/PruebasTecnicas" prefix_auto="1" extension_auto="1" />
				<Option object_output="obj/Debug/" />
				<Option type="1" />
				<Option compiler="gcc" />
				<Compiler>
					<Add option="-g" />
				</Compiler>
			</Target>
			<Target title="Release">
				<Option output="bin/Release/PruebasTecnicas" prefix_auto="1" extension_auto="1" />
				<Option object_output="obj/Release/" />
				<Option type="1" />
				<Option compiler="gcc" />
				<Compiler>
					<Add option="-O2" />
				</Compiler>
				<Linker>
					<Add option="-s" />
				</Linker>
			</Target>
		</Build>
		<Compiler>
			<Add option="-Wall" />
			<Add option="-fexceptions" />
		</Compiler>
		<Unit filename="libraries/Basics.h" />
		<Unit filename="libraries/Menu.h" />
		<Unit filename="libraries/errores.h" />
		<Unit filename="libraries/rlutil.h" />
		<Unit filename="main.cpp" />
		<Unit filename="menu/principal.h" />
		<Unit filename="pruebas/balanceo_parentesis.h" />
		<Unit filename="pruebas/factorial.h" />
		<Unit filename="pruebas/fibonacci.h" />
		<Extensions />
	</Project>
</CodeBlocks_project_file>
